{
  "name": "web-midi",
  "version": "0.1.0",
  "lockfileVersion": 1,
  "requires": true,
  "dependencies": {
    "abcjs": {
      "version": "5.1.2",
      "resolved": "https://registry.npmjs.org/abcjs/-/abcjs-5.1.2.tgz",
      "integrity": "sha1-ETyeZqiRGgv3xHwFF6SDKyXG8uA=",
      "requires": {
        "midi": "git+https://github.com/paulrosen/MIDI.js.git#e593ffef81a0350f99448e3ab8111957145ff6b2"
      }
    },
    "materialize-css": {
      "version": "1.0.0-rc.2",
      "resolved": "https://registry.npmjs.org/materialize-css/-/materialize-css-1.0.0-rc.2.tgz",
      "integrity": "sha512-FuQmSyq4Qv0ov7A2qXw0E6/jbQzSWx2P1pg2/XQDYTkkSc/GyiFAxu3fw9zgShwuTvyumEiw5jkxQWT9siqMBQ=="
    },
    "midi": {
      "version": "git+https://github.com/paulrosen/MIDI.js.git#e593ffef81a0350f99448e3ab8111957145ff6b2",
      "integrity": "sha1-vQ+IilVX13hMSWDlCFnteevtFqg="
    }
  }
}
